<?xml version="1.0" encoding="utf-8"?>
<Project ToolsVersion="4.0" xmlns="http://schemas.microsoft.com/developer/msbuild/2003">
  <ItemGroup>
    <Filter Include="Source Files">
      <UniqueIdentifier>{4FC737F1-C7A5-4376-A066-2A32D752A2FF}</UniqueIdentifier>
      <Extensions>cpp;c;cc;cxx;c++;cppm;ixx;def;odl;idl;hpj;bat;asm;asmx</Extensions>
    </Filter>
    <Filter Include="Header Files">
      <UniqueIdentifier>{93995380-89BD-4b04-88EB-625FBE52EBFB}</UniqueIdentifier>
      <Extensions>h;hh;hpp;hxx;h++;hm;inl;inc;ipp;xsd</Extensions>
    </Filter>
    <Filter Include="Resource Files">
      <UniqueIdentifier>{67DA6AB6-F800-4c08-8B7A-83BB121AAD01}</UniqueIdentifier>
      <Extensions>rc;ico;cur;bmp;dlg;rc2;rct;bin;rgs;gif;jpg;jpeg;jpe;resx;tiff;tif;png;wav;mfcribbon-ms</Extensions>
    </Filter>
    <Filter Include="Assets">
      <UniqueIdentifier>{430c6e44-0148-4db3-9e73-b9b9b8945610}</UniqueIdentifier>
    </Filter>
    <Filter Include="Assets\Materials">
      <UniqueIdentifier>{80f2fd7e-9391-4c5b-b516-bd37b9a2a036}</UniqueIdentifier>
    </Filter>
    <Filter Include="Assets\Scenes">
      <UniqueIdentifier>{28f6f8bc-1e3f-4bb5-a181-b1c2f74e3cc5}</UniqueIdentifier>
    </Filter>
    <Filter Include="Assets\Shaders">
      <UniqueIdentifier>{521d66a9-7f12-4e1e-b756-f91db400e8ea}</UniqueIdentifier>
    </Filter>
  </ItemGroup>
  <ItemGroup>
    <ClCompile Include="Main.cpp">
      <Filter>Source Files</Filter>
    </ClCompile>
  </ItemGroup>
  <ItemGroup>
    <None Include="..\Build\Assets\Shaders\basic.frag">
      <Filter>Assets\Shaders</Filter>
    </None>
    <None Include="..\Build\Assets\Shaders\basic.prog">
      <Filter>Assets\Shaders</Filter>
    </None>
    <None Include="..\Build\Assets\Shaders\basic.vert">
      <Filter>Assets\Shaders</Filter>
    </None>
    <None Include="..\Build\Assets\Materials\box.mtrl">
      <Filter>Assets\Materials</Filter>
    </None>
    <None Include="..\Build\Assets\Materials\ogre.mtrl">
      <Filter>Assets\Materials</Filter>
    </None>
    <None Include="..\Build\Assets\Scenes\basic.scn">
      <Filter>Assets\Scenes</Filter>
    </None>
    <None Include="..\Build\Assets\Shaders\basic_lit.prog">
      <Filter>Assets\Shaders</Filter>
    </None>
    <None Include="..\Build\Assets\Shaders\basic_lit.vert">
      <Filter>Assets\Shaders</Filter>
    </None>
    <None Include="..\Build\Assets\Shaders\basic_lit.frag">
      <Filter>Assets\Shaders</Filter>
    </None>
    <None Include="..\Build\Assets\Scenes\basic_lit.scn">
      <Filter>Assets\Scenes</Filter>
    </None>
    <None Include="..\Build\Assets\Shaders\basic_phong.prog">
      <Filter>Assets\Shaders</Filter>
    </None>
    <None Include="..\Build\Assets\Shaders\basic_phong.vert">
      <Filter>Assets\Shaders</Filter>
    </None>
    <None Include="..\Build\Assets\Shaders\basic_phong.frag">
      <Filter>Assets\Shaders</Filter>
    </None>
  </ItemGroup>
</Project>